
Microsoft Visual Studio Solution File, Format Version 12.00
# Visual Studio Version 16
VisualStudioVersion = 16.0.31105.61
MinimumVisualStudioVersion = 10.0.40219.1
Project("{FAE04EC0-301F-11D3-BF4B-00C04F79EFBC}") = "BlockchainCoding", "BlockchainCoding\BlockchainCoding.csproj", "{6ECF7252-65BD-4A9C-A1BA-FDA435F17AAB}"
EndProject
Global
	GlobalSection(SolutionConfigurationPlatforms) = preSolution
		Debug|Any CPU = Debug|Any CPU
		Release|Any CPU = Release|Any CPU
	EndGlobalSection
	GlobalSection(ProjectConfigurationPlatforms) = postSolution
		{6ECF7252-65BD-4A9C-A1BA-FDA435F17AAB}.Debug|Any CPU.ActiveCfg = Debug|Any CPU
		{6ECF7252-65BD-4A9C-A1BA-FDA435F17AAB}.Debug|Any CPU.Build.0 = Debug|Any CPU
		{6ECF7252-65BD-4A9C-A1BA-FDA435F17AAB}.Release|Any CPU.ActiveCfg = Release|Any CPU
		{6ECF7252-65BD-4A9C-A1BA-FDA435F17AAB}.Release|Any CPU.Build.0 = Release|Any CPU
	EndGlobalSection
	GlobalSection(SolutionProperties) = preSolution
		HideSolutionNode = FALSE
	EndGlobalSection
	GlobalSection(ExtensibilityGlobals) = postSolution
		SolutionGuid = {290554DA-81B1-4045-B254-FE7C9C4F2C26}
	EndGlobalSection
EndGlobal
